// !$*UTF8*$!
{
	archiveVersion = 1;
	classes = {
	};
	objectVersion = 55;
	objects = {

/* Begin PBXBuildFile section */
		2CB88DC927B6EC4E00A1A9C9 /* Tests_iOS.swift in Sources */ = {isa = PBXBuildFile; fileRef = 2CB88DC827B6EC4E00A1A9C9 /* Tests_iOS.swift */; };
		2CB88DCB27B6EC4E00A1A9C9 /* Tests_iOSLaunchTests.swift in Sources */ = {isa = PBXBuildFile; fileRef = 2CB88DCA27B6EC4E00A1A9C9 /* Tests_iOSLaunchTests.swift */; };
		2CB88DD527B6EC4E00A1A9C9 /* Tests_macOS.swift in Sources */ = {isa = PBXBuildFile; fileRef = 2CB88DD427B6EC4E00A1A9C9 /* Tests_macOS.swift */; };
		2CB88DD727B6EC4E00A1A9C9 /* Tests_macOSLaunchTests.swift in Sources */ = {isa = PBXBuildFile; fileRef = 2CB88DD627B6EC4E00A1A9C9 /* Tests_macOSLaunchTests.swift */; };
		2CB88DD827B6EC4E00A1A9C9 /* URLSession_async_awaitApp.swift in Sources */ = {isa = PBXBuildFile; fileRef = 2CB88DB027B6EC4D00A1A9C9 /* URLSession_async_awaitApp.swift */; };
		2CB88DD927B6EC4E00A1A9C9 /* URLSession_async_awaitApp.swift in Sources */ = {isa = PBXBuildFile; fileRef = 2CB88DB027B6EC4D00A1A9C9 /* URLSession_async_awaitApp.swift */; };
		2CB88DDA27B6EC4E00A1A9C9 /* ContentView.swift in Sources */ = {isa = PBXBuildFile; fileRef = 2CB88DB127B6EC4D00A1A9C9 /* ContentView.swift */; };
		2CB88DDB27B6EC4E00A1A9C9 /* ContentView.swift in Sources */ = {isa = PBXBuildFile; fileRef = 2CB88DB127B6EC4D00A1A9C9 /* ContentView.swift */; };
		2CB88DDC27B6EC4E00A1A9C9 /* Assets.xcassets in Resources */ = {isa = PBXBuildFile; fileRef = 2CB88DB227B6EC4E00A1A9C9 /* Assets.xcassets */; };
		2CB88DDD27B6EC4E00A1A9C9 /* Assets.xcassets in Resources */ = {isa = PBXBuildFile; fileRef = 2CB88DB227B6EC4E00A1A9C9 /* Assets.xcassets */; };
		2CB88DED27B6EC9D00A1A9C9 /* CallApi.swift in Sources */ = {isa = PBXBuildFile; fileRef = 2CB88DEC27B6EC9D00A1A9C9 /* CallApi.swift */; };
		2CB88DEE27B6EC9D00A1A9C9 /* CallApi.swift in Sources */ = {isa = PBXBuildFile; fileRef = 2CB88DEC27B6EC9D00A1A9C9 /* CallApi.swift */; };
		2CB88DF027B6ECC900A1A9C9 /* ViewModel.swift in Sources */ = {isa = PBXBuildFile; fileRef = 2CB88DEF27B6ECC900A1A9C9 /* ViewModel.swift */; };
		2CB88DF127B6ECC900A1A9C9 /* ViewModel.swift in Sources */ = {isa = PBXBuildFile; fileRef = 2CB88DEF27B6ECC900A1A9C9 /* ViewModel.swift */; };
		2CB88DF327B6ECF700A1A9C9 /* Model.swift in Sources */ = {isa = PBXBuildFile; fileRef = 2CB88DF227B6ECF700A1A9C9 /* Model.swift */; };
		2CB88DF427B6ECF700A1A9C9 /* Model.swift in Sources */ = {isa = PBXBuildFile; fileRef = 2CB88DF227B6ECF700A1A9C9 /* Model.swift */; };
		2CB88DF627B6ED1B00A1A9C9 /* Extention.swift in Sources */ = {isa = PBXBuildFile; fileRef = 2CB88DF527B6ED1B00A1A9C9 /* Extention.swift */; };
		2CB88DF727B6ED1B00A1A9C9 /* Extention.swift in Sources */ = {isa = PBXBuildFile; fileRef = 2CB88DF527B6ED1B00A1A9C9 /* Extention.swift */; };
/* End PBXBuildFile section */

/* Begin PBXContainerItemProxy section */
		2CB88DC527B6EC4E00A1A9C9 /* PBXContainerItemProxy */ = {
			isa = PBXContainerItemProxy;
			containerPortal = 2CB88DAB27B6EC4D00A1A9C9 /* Project object */;
			proxyType = 1;
			remoteGlobalIDString = 2CB88DB627B6EC4E00A1A9C9;
			remoteInfo = "URLSession_async_await (iOS)";
		};
		2CB88DD127B6EC4E00A1A9C9 /* PBXContainerItemProxy */ = {
			isa = PBXContainerItemProxy;
			containerPortal = 2CB88DAB27B6EC4D00A1A9C9 /* Project object */;
			proxyType = 1;
			remoteGlobalIDString = 2CB88DBC27B6EC4E00A1A9C9;
			remoteInfo = "URLSession_async_await (macOS)";
		};
/* End PBXContainerItemProxy section */

/* Begin PBXFileReference section */
		2CB88DB027B6EC4D00A1A9C9 /* URLSession_async_awaitApp.swift */ = {isa = PBXFileReference; lastKnownFileType = sourcecode.swift; path = URLSession_async_awaitApp.swift; sourceTree = "<group>"; };
		2CB88DB127B6EC4D00A1A9C9 /* ContentView.swift */ = {isa = PBXFileReference; lastKnownFileType = sourcecode.swift; path = ContentView.swift; sourceTree = "<group>"; };
		2CB88DB227B6EC4E00A1A9C9 /* Assets.xcassets */ = {isa = PBXFileReference; lastKnownFileType = folder.assetcatalog; path = Assets.xcassets; sourceTree = "<group>"; };
		2CB88DB727B6EC4E00A1A9C9 /* URLSession_async_await.app */ = {isa = PBXFileReference; explicitFileType = wrapper.application; includeInIndex = 0; path = URLSession_async_await.app; sourceTree = BUILT_PRODUCTS_DIR; };
		2CB88DBD27B6EC4E00A1A9C9 /* URLSession_async_await.app */ = {isa = PBXFileReference; explicitFileType = wrapper.application; includeInIndex = 0; path = URLSession_async_await.app; sourceTree = BUILT_PRODUCTS_DIR; };
		2CB88DBF27B6EC4E00A1A9C9 /* macOS.entitlements */ = {isa = PBXFileReference; lastKnownFileType = text.plist.entitlements; path = macOS.entitlements; sourceTree = "<group>"; };
		2CB88DC427B6EC4E00A1A9C9 /* Tests iOS.xctest */ = {isa = PBXFileReference; explicitFileType = wrapper.cfbundle; includeInIndex = 0; path = "Tests iOS.xctest"; sourceTree = BUILT_PRODUCTS_DIR; };
		2CB88DC827B6EC4E00A1A9C9 /* Tests_iOS.swift */ = {isa = PBXFileReference; lastKnownFileType = sourcecode.swift; path = Tests_iOS.swift; sourceTree = "<group>"; };
		2CB88DCA27B6EC4E00A1A9C9 /* Tests_iOSLaunchTests.swift */ = {isa = PBXFileReference; lastKnownFileType = sourcecode.swift; path = Tests_iOSLaunchTests.swift; sourceTree = "<group>"; };
		2CB88DD027B6EC4E00A1A9C9 /* Tests macOS.xctest */ = {isa = PBXFileReference; explicitFileType = wrapper.cfbundle; includeInIndex = 0; path = "Tests macOS.xctest"; sourceTree = BUILT_PRODUCTS_DIR; };
		2CB88DD427B6EC4E00A1A9C9 /* Tests_macOS.swift */ = {isa = PBXFileReference; lastKnownFileType = sourcecode.swift; path = Tests_macOS.swift; sourceTree = "<group>"; };
		2CB88DD627B6EC4E00A1A9C9 /* Tests_macOSLaunchTests.swift */ = {isa = PBXFileReference; lastKnownFileType = sourcecode.swift; path = Tests_macOSLaunchTests.swift; sourceTree = "<group>"; };
		2CB88DEC27B6EC9D00A1A9C9 /* CallApi.swift */ = {isa = PBXFileReference; lastKnownFileType = sourcecode.swift; path = CallApi.swift; sourceTree = "<group>"; };
		2CB88DEF27B6ECC900A1A9C9 /* ViewModel.swift */ = {isa = PBXFileReference; lastKnownFileType = sourcecode.swift; path = ViewModel.swift; sourceTree = "<group>"; };
		2CB88DF227B6ECF700A1A9C9 /* Model.swift */ = {isa = PBXFileReference; lastKnownFileType = sourcecode.swift; path = Model.swift; sourceTree = "<group>"; };
		2CB88DF527B6ED1B00A1A9C9 /* Extention.swift */ = {isa = PBXFileReference; lastKnownFileType = sourcecode.swift; path = Extention.swift; sourceTree = "<group>"; };
/* End PBXFileReference section */

/* Begin PBXFrameworksBuildPhase section */
		2CB88DB427B6EC4E00A1A9C9 /* Frameworks */ = {
			isa = PBXFrameworksBuildPhase;
			buildActionMask = 2147483647;
			files = (
			);
			runOnlyForDeploymentPostprocessing = 0;
		};
		2CB88DBA27B6EC4E00A1A9C9 /* Frameworks */ = {
			isa = PBXFrameworksBuildPhase;
			buildActionMask = 2147483647;
			files = (
			);
			runOnlyForDeploymentPostprocessing = 0;
		};
		2CB88DC127B6EC4E00A1A9C9 /* Frameworks */ = {
			isa = PBXFrameworksBuildPhase;
			buildActionMask = 2147483647;
			files = (
			);
			runOnlyForDeploymentPostprocessing = 0;
		};
		2CB88DCD27B6EC4E00A1A9C9 /* Frameworks */ = {
			isa = PBXFrameworksBuildPhase;
			buildActionMask = 2147483647;
			files = (
			);
			runOnlyForDeploymentPostprocessing = 0;
		};
/* End PBXFrameworksBuildPhase section */

/* Begin PBXGroup section */
		2CB88DAA27B6EC4D00A1A9C9 = {
			isa = PBXGroup;
			children = (
				2CB88DAF27B6EC4D00A1A9C9 /* Shared */,
				2CB88DBE27B6EC4E00A1A9C9 /* macOS */,
				2CB88DC727B6EC4E00A1A9C9 /* Tests iOS */,
				2CB88DD327B6EC4E00A1A9C9 /* Tests macOS */,
				2CB88DB827B6EC4E00A1A9C9 /* Products */,
			);
			sourceTree = "<group>";
		};
		2CB88DAF27B6EC4D00A1A9C9 /* Shared */ = {
			isa = PBXGroup;
			children = (
				2CB88DB027B6EC4D00A1A9C9 /* URLSession_async_awaitApp.swift */,
				2CB88DB127B6EC4D00A1A9C9 /* ContentView.swift */,
				2CB88DB227B6EC4E00A1A9C9 /* Assets.xcassets */,
				2CB88DEC27B6EC9D00A1A9C9 /* CallApi.swift */,
				2CB88DEF27B6ECC900A1A9C9 /* ViewModel.swift */,
				2CB88DF227B6ECF700A1A9C9 /* Model.swift */,
				2CB88DF527B6ED1B00A1A9C9 /* Extention.swift */,
			);
			path = Shared;
			sourceTree = "<group>";
		};
		2CB88DB827B6EC4E00A1A9C9 /* Products */ = {
			isa = PBXGroup;
			children = (
				2CB88DB727B6EC4E00A1A9C9 /* URLSession_async_await.app */,
				2CB88DBD27B6EC4E00A1A9C9 /* URLSession_async_await.app */,
				2CB88DC427B6EC4E00A1A9C9 /* Tests iOS.xctest */,
				2CB88DD027B6EC4E00A1A9C9 /* Tests macOS.xctest */,
			);
			name = Products;
			sourceTree = "<group>";
		};
		2CB88DBE27B6EC4E00A1A9C9 /* macOS */ = {
			isa = PBXGroup;
			children = (
				2CB88DBF27B6EC4E00A1A9C9 /* macOS.entitlements */,
			);
			path = macOS;
			sourceTree = "<group>";
		};
		2CB88DC727B6EC4E00A1A9C9 /* Tests iOS */ = {
			isa = PBXGroup;
			children = (
				2CB88DC827B6EC4E00A1A9C9 /* Tests_iOS.swift */,
				2CB88DCA27B6EC4E00A1A9C9 /* Tests_iOSLaunchTests.swift */,
			);
			path = "Tests iOS";
			sourceTree = "<group>";
		};
		2CB88DD327B6EC4E00A1A9C9 /* Tests macOS */ = {
			isa = PBXGroup;
			children = (
				2CB88DD427B6EC4E00A1A9C9 /* Tests_macOS.swift */,
				2CB88DD627B6EC4E00A1A9C9 /* Tests_macOSLaunchTests.swift */,
			);
			path = "Tests macOS";
			sourceTree = "<group>";
		};
/* End PBXGroup section */

/* Begin PBXNativeTarget section */
		2CB88DB627B6EC4E00A1A9C9 /* URLSession_async_await (iOS) */ = {
			isa = PBXNativeTarget;
			buildConfigurationList = 2CB88DE027B6EC4E00A1A9C9 /* Build configuration list for PBXNativeTarget "URLSession_async_await (iOS)" */;
			buildPhases = (
				2CB88DB327B6EC4E00A1A9C9 /* Sources */,
				2CB88DB427B6EC4E00A1A9C9 /* Frameworks */,
				2CB88DB527B6EC4E00A1A9C9 /* Resources */,
			);
			buildRules = (
			);
			dependencies = (
			);
			name = "URLSession_async_await (iOS)";
			productName = "URLSession_async_await (iOS)";
			productReference = 2CB88DB727B6EC4E00A1A9C9 /* URLSession_async_await.app */;
			productType = "com.apple.product-type.application";
		};
		2CB88DBC27B6EC4E00A1A9C9 /* URLSession_async_await (macOS) */ = {
			isa = PBXNativeTarget;
			buildConfigurationList = 2CB88DE327B6EC4E00A1A9C9 /* Build configuration list for PBXNativeTarget "URLSession_async_await (macOS)" */;
			buildPhases = (
				2CB88DB927B6EC4E00A1A9C9 /* Sources */,
				2CB88DBA27B6EC4E00A1A9C9 /* Frameworks */,
				2CB88DBB27B6EC4E00A1A9C9 /* Resources */,
			);
			buildRules = (
			);
			dependencies = (
			);
			name = "URLSession_async_await (macOS)";
			productName = "URLSession_async_await (macOS)";
			productReference = 2CB88DBD27B6EC4E00A1A9C9 /* URLSession_async_await.app */;
			productType = "com.apple.product-type.application";
		};
		2CB88DC327B6EC4E00A1A9C9 /* Tests iOS */ = {
			isa = PBXNativeTarget;
			buildConfigurationList = 2CB88DE627B6EC4E00A1A9C9 /* Build configuration list for PBXNativeTarget "Tests iOS" */;
			buildPhases = (
				2CB88DC027B6EC4E00A1A9C9 /* Sources */,
				2CB88DC127B6EC4E00A1A9C9 /* Frameworks */,
				2CB88DC227B6EC4E00A1A9C9 /* Resources */,
			);
			buildRules = (
			);
			dependencies = (
				2CB88DC627B6EC4E00A1A9C9 /* PBXTargetDependency */,
			);
			name = "Tests iOS";
			productName = "Tests iOS";
			productReference = 2CB88DC427B6EC4E00A1A9C9 /* Tests iOS.xctest */;
			productType = "com.apple.product-type.bundle.ui-testing";
		};
		2CB88DCF27B6EC4E00A1A9C9 /* Tests macOS */ = {
			isa = PBXNativeTarget;
			buildConfigurationList = 2CB88DE927B6EC4E00A1A9C9 /* Build configuration list for PBXNativeTarget "Tests macOS" */;
			buildPhases = (
				2CB88DCC27B6EC4E00A1A9C9 /* Sources */,
				2CB88DCD27B6EC4E00A1A9C9 /* Frameworks */,
				2CB88DCE27B6EC4E00A1A9C9 /* Resources */,
			);
			buildRules = (
			);
			dependencies = (
				2CB88DD227B6EC4E00A1A9C9 /* PBXTargetDependency */,
			);
			name = "Tests macOS";
			productName = "Tests macOS";
			productReference = 2CB88DD027B6EC4E00A1A9C9 /* Tests macOS.xctest */;
			productType = "com.apple.product-type.bundle.ui-testing";
		};
/* End PBXNativeTarget section */

/* Begin PBXProject section */
		2CB88DAB27B6EC4D00A1A9C9 /* Project object */ = {
			isa = PBXProject;
			attributes = {
				BuildIndependentTargetsInParallel = 1;
				LastSwiftUpdateCheck = 1320;
				LastUpgradeCheck = 1320;
				TargetAttributes = {
					2CB88DB627B6EC4E00A1A9C9 = {
						CreatedOnToolsVersion = 13.2.1;
					};
					2CB88DBC27B6EC4E00A1A9C9 = {
						CreatedOnToolsVersion = 13.2.1;
					};
					2CB88DC327B6EC4E00A1A9C9 = {
						CreatedOnToolsVersion = 13.2.1;
						TestTargetID = 2CB88DB627B6EC4E00A1A9C9;
					};
					2CB88DCF27B6EC4E00A1A9C9 = {
						CreatedOnToolsVersion = 13.2.1;
						TestTargetID = 2CB88DBC27B6EC4E00A1A9C9;
					};
				};
			};
			buildConfigurationList = 2CB88DAE27B6EC4D00A1A9C9 /* Build configuration list for PBXProject "URLSession_async_await" */;
			compatibilityVersion = "Xcode 13.0";
			developmentRegion = en;
			hasScannedForEncodings = 0;
			knownRegions = (
				en,
				Base,
			);
			mainGroup = 2CB88DAA27B6EC4D00A1A9C9;
			productRefGroup = 2CB88DB827B6EC4E00A1A9C9 /* Products */;
			projectDirPath = "";
			projectRoot = "";
			targets = (
				2CB88DB627B6EC4E00A1A9C9 /* URLSession_async_await (iOS) */,
				2CB88DBC27B6EC4E00A1A9C9 /* URLSession_async_await (macOS) */,
				2CB88DC327B6EC4E00A1A9C9 /* Tests iOS */,
				2CB88DCF27B6EC4E00A1A9C9 /* Tests macOS */,
			);
		};
/* End PBXProject section */

/* Begin PBXResourcesBuildPhase section */
		2CB88DB527B6EC4E00A1A9C9 /* Resources */ = {
			isa = PBXResourcesBuildPhase;
			buildActionMask = 2147483647;
			files = (
				2CB88DDC27B6EC4E00A1A9C9 /* Assets.xcassets in Resources */,
			);
			runOnlyForDeploymentPostprocessing = 0;
		};
		2CB88DBB27B6EC4E00A1A9C9 /* Resources */ = {
			isa = PBXResourcesBuildPhase;
			buildActionMask = 2147483647;
			files = (
				2CB88DDD27B6EC4E00A1A9C9 /* Assets.xcassets in Resources */,
			);
			runOnlyForDeploymentPostprocessing = 0;
		};
		2CB88DC227B6EC4E00A1A9C9 /* Resources */ = {
			isa = PBXResourcesBuildPhase;
			buildActionMask = 2147483647;
			files = (
			);
			runOnlyForDeploymentPostprocessing = 0;
		};
		2CB88DCE27B6EC4E00A1A9C9 /* Resources */ = {
			isa = PBXResourcesBuildPhase;
			buildActionMask = 2147483647;
			files = (
			);
			runOnlyForDeploymentPostprocessing = 0;
		};
/* End PBXResourcesBuildPhase section */

/* Begin PBXSourcesBuildPhase section */
		2CB88DB327B6EC4E00A1A9C9 /* Sources */ = {
			isa = PBXSourcesBuildPhase;
			buildActionMask = 2147483647;
			files = (
				2CB88DF327B6ECF700A1A9C9 /* Model.swift in Sources */,
				2CB88DDA27B6EC4E00A1A9C9 /* ContentView.swift in Sources */,
				2CB88DED27B6EC9D00A1A9C9 /* CallApi.swift in Sources */,
				2CB88DF027B6ECC900A1A9C9 /* ViewModel.swift in Sources */,
				2CB88DF627B6ED1B00A1A9C9 /* Extention.swift in Sources */,
				2CB88DD827B6EC4E00A1A9C9 /* URLSession_async_awaitApp.swift in Sources */,
			);
			runOnlyForDeploymentPostprocessing = 0;
		};
		2CB88DB927B6EC4E00A1A9C9 /* Sources */ = {
			isa = PBXSourcesBuildPhase;
			buildActionMask = 2147483647;
			files = (
				2CB88DF427B6ECF700A1A9C9 /* Model.swift in Sources */,
				2CB88DDB27B6EC4E00A1A9C9 /* ContentView.swift in Sources */,
				2CB88DEE27B6EC9D00A1A9C9 /* CallApi.swift in Sources */,
				2CB88DF127B6ECC900A1A9C9 /* ViewModel.swift in Sources */,
				2CB88DF727B6ED1B00A1A9C9 /* Extention.swift in Sources */,
				2CB88DD927B6EC4E00A1A9C9 /* URLSession_async_awaitApp.swift in Sources */,
			);
			runOnlyForDeploymentPostprocessing = 0;
		};
		2CB88DC027B6EC4E00A1A9C9 /* Sources */ = {
			isa = PBXSourcesBuildPhase;
			buildActionMask = 2147483647;
			files = (
				2CB88DCB27B6EC4E00A1A9C9 /* Tests_iOSLaunchTests.swift in Sources */,
				2CB88DC927B6EC4E00A1A9C9 /* Tests_iOS.swift in Sources */,
			);
			runOnlyForDeploymentPostprocessing = 0;
		};
		2CB88DCC27B6EC4E00A1A9C9 /* Sources */ = {
			isa = PBXSourcesBuildPhase;
			buildActionMask = 2147483647;
			files = (
				2CB88DD727B6EC4E00A1A9C9 /* Tests_macOSLaunchTests.swift in Sources */,
				2CB88DD527B6EC4E00A1A9C9 /* Tests_macOS.swift in Sources */,
			);
			runOnlyForDeploymentPostprocessing = 0;
		};
/* End PBXSourcesBuildPhase section */

/* Begin PBXTargetDependency section */
		2CB88DC627B6EC4E00A1A9C9 /* PBXTargetDependency */ = {
			isa = PBXTargetDependency;
			target = 2CB88DB627B6EC4E00A1A9C9 /* URLSession_async_await (iOS) */;
			targetProxy = 2CB88DC527B6EC4E00A1A9C9 /* PBXContainerItemProxy */;
		};
		2CB88DD227B6EC4E00A1A9C9 /* PBXTargetDependency */ = {
			isa = PBXTargetDependency;
			target = 2CB88DBC27B6EC4E00A1A9C9 /* URLSession_async_await (macOS) */;
			targetProxy = 2CB88DD127B6EC4E00A1A9C9 /* PBXContainerItemProxy */;
		};
/* End PBXTargetDependency section */

/* Begin XCBuildConfiguration section */
		2CB88DDE27B6EC4E00A1A9C9 /* Debug */ = {
			isa = XCBuildConfiguration;
			buildSettings = {
				ALWAYS_SEARCH_USER_PATHS = NO;
				CLANG_ANALYZER_NONNULL = YES;
				CLANG_ANALYZER_NUMBER_OBJECT_CONVERSION = YES_AGGRESSIVE;
				CLANG_CXX_LANGUAGE_STANDARD = "gnu++17";
				CLANG_CXX_LIBRARY = "libc++";
				CLANG_ENABLE_MODULES = YES;
				CLANG_ENABLE_OBJC_ARC = YES;
				CLANG_ENABLE_OBJC_WEAK = YES;
				CLANG_WARN_BLOCK_CAPTURE_AUTORELEASING = YES;
				CLANG_WARN_BOOL_CONVERSION = YES;
				CLANG_WARN_COMMA = YES;
				CLANG_WARN_CONSTANT_CONVERSION = YES;
				CLANG_WARN_DEPRECATED_OBJC_IMPLEMENTATIONS = YES;
				CLANG_WARN_DIRECT_OBJC_ISA_USAGE = YES_ERROR;
				CLANG_WARN_DOCUMENTATION_COMMENTS = YES;
				CLANG_WARN_EMPTY_BODY = YES;
				CLANG_WARN_ENUM_CONVERSION = YES;
				CLANG_WARN_INFINITE_RECURSION = YES;
				CLANG_WARN_INT_CONVERSION = YES;
				CLANG_WARN_NON_LITERAL_NULL_CONVERSION = YES;
				CLANG_WARN_OBJC_IMPLICIT_RETAIN_SELF = YES;
				CLANG_WARN_OBJC_LITERAL_CONVERSION = YES;
				CLANG_WARN_OBJC_ROOT_CLASS = YES_ERROR;
				CLANG_WARN_QUOTED_INCLUDE_IN_FRAMEWORK_HEADER = YES;
				CLANG_WARN_RANGE_LOOP_ANALYSIS = YES;
				CLANG_WARN_STRICT_PROTOTYPES = YES;
				CLANG_WARN_SUSPICIOUS_MOVE = YES;
				CLANG_WARN_UNGUARDED_AVAILABILITY = YES_AGGRESSIVE;
				CLANG_WARN_UNREACHABLE_CODE = YES;
				CLANG_WARN__DUPLICATE_METHOD_MATCH = YES;
				COPY_PHASE_STRIP = NO;
				DEBUG_INFORMATION_FORMAT = dwarf;
				ENABLE_STRICT_OBJC_MSGSEND = YES;
				ENABLE_TESTABILITY = YES;
				GCC_C_LANGUAGE_STANDARD = gnu11;
				GCC_DYNAMIC_NO_PIC = NO;
				GCC_NO_COMMON_BLOCKS = YES;
				GCC_OPTIMIZATION_LEVEL = 0;
				GCC_PREPROCESSOR_DEFINITIONS = (
					"DEBUG=1",
					"$(inherited)",
				);
				GCC_WARN_64_TO_32_BIT_CONVERSION = YES;
				GCC_WARN_ABOUT_RETURN_TYPE = YES_ERROR;
				GCC_WARN_UNDECLARED_SELECTOR = YES;
				GCC_WARN_UNINITIALIZED_AUTOS = YES_AGGRESSIVE;
				GCC_WARN_UNUSED_FUNCTION = YES;
				GCC_WARN_UNUSED_VARIABLE = YES;
				MTL_ENABLE_DEBUG_INFO = INCLUDE_SOURCE;
				MTL_FAST_MATH = YES;
				ONLY_ACTIVE_ARCH = YES;
				SWIFT_ACTIVE_COMPILATION_CONDITIONS = DEBUG;
				SWIFT_OPTIMIZATION_LEVEL = "-Onone";
			};
			name = Debug;
		};
		2CB88DDF27B6EC4E00A1A9C9 /* Release */ = {
			isa = XCBuildConfiguration;
			buildSettings = {
				ALWAYS_SEARCH_USER_PATHS = NO;
				CLANG_ANALYZER_NONNULL = YES;
				CLANG_ANALYZER_NUMBER_OBJECT_CONVERSION = YES_AGGRESSIVE;
				CLANG_CXX_LANGUAGE_STANDARD = "gnu++17";
				CLANG_CXX_LIBRARY = "libc++";
				CLANG_ENABLE_MODULES = YES;
				CLANG_ENABLE_OBJC_ARC = YES;
				CLANG_ENABLE_OBJC_WEAK = YES;
				CLANG_WARN_BLOCK_CAPTURE_AUTORELEASING = YES;
				CLANG_WARN_BOOL_CONVERSION = YES;
				CLANG_WARN_COMMA = YES;
				CLANG_WARN_CONSTANT_CONVERSION = YES;
				CLANG_WARN_DEPRECATED_OBJC_IMPLEMENTATIONS = YES;
				CLANG_WARN_DIRECT_OBJC_ISA_USAGE = YES_ERROR;
				CLANG_WARN_DOCUMENTATION_COMMENTS = YES;
				CLANG_WARN_EMPTY_BODY = YES;
				CLANG_WARN_ENUM_CONVERSION = YES;
				CLANG_WARN_INFINITE_RECURSION = YES;
				CLANG_WARN_INT_CONVERSION = YES;
				CLANG_WARN_NON_LITERAL_NULL_CONVERSION = YES;
				CLANG_WARN_OBJC_IMPLICIT_RETAIN_SELF = YES;
				CLANG_WARN_OBJC_LITERAL_CONVERSION = YES;
				CLANG_WARN_OBJC_ROOT_CLASS = YES_ERROR;
				CLANG_WARN_QUOTED_INCLUDE_IN_FRAMEWORK_HEADER = YES;
				CLANG_WARN_RANGE_LOOP_ANALYSIS = YES;
				CLANG_WARN_STRICT_PROTOTYPES = YES;
				CLANG_WARN_SUSPICIOUS_MOVE = YES;
				CLANG_WARN_UNGUARDED_AVAILABILITY = YES_AGGRESSIVE;
				CLANG_WARN_UNREACHABLE_CODE = YES;
				CLANG_WARN__DUPLICATE_METHOD_MATCH = YES;
				COPY_PHASE_STRIP = NO;
				DEBUG_INFORMATION_FORMAT = "dwarf-with-dsym";
				ENABLE_NS_ASSERTIONS = NO;
				ENABLE_STRICT_OBJC_MSGSEND = YES;
				GCC_C_LANGUAGE_STANDARD = gnu11;
				GCC_NO_COMMON_BLOCKS = YES;
				GCC_WARN_64_TO_32_BIT_CONVERSION = YES;
				GCC_WARN_ABOUT_RETURN_TYPE = YES_ERROR;
				GCC_WARN_UNDECLARED_SELECTOR = YES;
				GCC_WARN_UNINITIALIZED_AUTOS = YES_AGGRESSIVE;
				GCC_WARN_UNUSED_FUNCTION = YES;
				GCC_WARN_UNUSED_VARIABLE = YES;
				MTL_ENABLE_DEBUG_INFO = NO;
				MTL_FAST_MATH = YES;
				SWIFT_COMPILATION_MODE = wholemodule;
				SWIFT_OPTIMIZATION_LEVEL = "-O";
			};
			name = Release;
		};
		2CB88DE127B6EC4E00A1A9C9 /* Debug */ = {
			isa = XCBuildConfiguration;
			buildSettings = {
				ASSETCATALOG_COMPILER_APPICON_NAME = AppIcon;
				ASSETCATALOG_COMPILER_GLOBAL_ACCENT_COLOR_NAME = AccentColor;
				CODE_SIGN_STYLE = Automatic;
				CURRENT_PROJECT_VERSION = 1;
				DEVELOPMENT_TEAM = Y3HVN468NS;
				ENABLE_PREVIEWS = YES;
				GENERATE_INFOPLIST_FILE = YES;
				INFOPLIST_KEY_UIApplicationSceneManifest_Generation = YES;
				INFOPLIST_KEY_UIApplicationSupportsIndirectInputEvents = YES;
				INFOPLIST_KEY_UILaunchScreen_Generation = YES;
				INFOPLIST_KEY_UISupportedInterfaceOrientations_iPad = "UIInterfaceOrientationPortrait UIInterfaceOrientationPortraitUpsideDown UIInterfaceOrientationLandscapeLeft UIInterfaceOrientationLandscapeRight";
				INFOPLIST_KEY_UISupportedInterfaceOrientations_iPhone = "UIInterfaceOrientationPortrait UIInterfaceOrientationLandscapeLeft UIInterfaceOrientationLandscapeRight";
				IPHONEOS_DEPLOYMENT_TARGET = 15.2;
				LD_RUNPATH_SEARCH_PATHS = (
					"$(inherited)",
					"@executable_path/Frameworks",
				);
				MARKETING_VERSION = 1.0;
				PRODUCT_BUNDLE_IDENTIFIER = "URLSession-async-await.URLSession-async-await";
				PRODUCT_NAME = URLSession_async_await;
				SDKROOT = iphoneos;
				SWIFT_EMIT_LOC_STRINGS = YES;
				SWIFT_VERSION = 5.0;
				TARGETED_DEVICE_FAMILY = "1,2";
			};
			name = Debug;
		};
		2CB88DE227B6EC4E00A1A9C9 /* Release */ = {
			isa = XCBuildConfiguration;
			buildSettings = {
				ASSETCATALOG_COMPILER_APPICON_NAME = AppIcon;
				ASSETCATALOG_COMPILER_GLOBAL_ACCENT_COLOR_NAME = AccentColor;
				CODE_SIGN_STYLE = Automatic;
				CURRENT_PROJECT_VERSION = 1;
				DEVELOPMENT_TEAM = Y3HVN468NS;
				ENABLE_PREVIEWS = YES;
				GENERATE_INFOPLIST_FILE = YES;
				INFOPLIST_KEY_UIApplicationSceneManifest_Generation = YES;
				INFOPLIST_KEY_UIApplicationSupportsIndirectInputEvents = YES;
				INFOPLIST_KEY_UILaunchScreen_Generation = YES;
				INFOPLIST_KEY_UISupportedInterfaceOrientations_iPad = "UIInterfaceOrientationPortrait UIInterfaceOrientationPortraitUpsideDown UIInterfaceOrientationLandscapeLeft UIInterfaceOrientationLandscapeRight";
				INFOPLIST_KEY_UISupportedInterfaceOrientations_iPhone = "UIInterfaceOrientationPortrait UIInterfaceOrientationLandscapeLeft UIInterfaceOrientationLandscapeRight";
				IPHONEOS_DEPLOYMENT_TARGET = 15.2;
				LD_RUNPATH_SEARCH_PATHS = (
					"$(inherited)",
					"@executable_path/Frameworks",
				);
				MARKETING_VERSION = 1.0;
				PRODUCT_BUNDLE_IDENTIFIER = "URLSession-async-await.URLSession-async-await";
				PRODUCT_NAME = URLSession_async_await;
				SDKROOT = iphoneos;
				SWIFT_EMIT_LOC_STRINGS = YES;
				SWIFT_VERSION = 5.0;
				TARGETED_DEVICE_FAMILY = "1,2";
				VALIDATE_PRODUCT = YES;
			};
			name = Release;
		};
		2CB88DE427B6EC4E00A1A9C9 /* Debug */ = {
			isa = XCBuildConfiguration;
			buildSettings = {
				ASSETCATALOG_COMPILER_APPICON_NAME = AppIcon;
				ASSETCATALOG_COMPILER_GLOBAL_ACCENT_COLOR_NAME = AccentColor;
				CODE_SIGN_ENTITLEMENTS = macOS/macOS.entitlements;
				CODE_SIGN_STYLE = Automatic;
				COMBINE_HIDPI_IMAGES = YES;
				CURRENT_PROJECT_VERSION = 1;
				DEVELOPMENT_TEAM = Y3HVN468NS;
				ENABLE_HARDENED_RUNTIME = YES;
				ENABLE_PREVIEWS = YES;
				GENERATE_INFOPLIST_FILE = YES;
				INFOPLIST_KEY_NSHumanReadableCopyright = "";
				LD_RUNPATH_SEARCH_PATHS = (
					"$(inherited)",
					"@executable_path/../Frameworks",
				);
				MACOSX_DEPLOYMENT_TARGET = 12.1;
				MARKETING_VERSION = 1.0;
				PRODUCT_BUNDLE_IDENTIFIER = "URLSession-async-await.URLSession-async-await";
				PRODUCT_NAME = URLSession_async_await;
				SDKROOT = macosx;
				SWIFT_EMIT_LOC_STRINGS = YES;
				SWIFT_VERSION = 5.0;
			};
			name = Debug;
		};
		2CB88DE527B6EC4E00A1A9C9 /* Release */ = {
			isa = XCBuildConfiguration;
			buildSettings = {
				ASSETCATALOG_COMPILER_APPICON_NAME = AppIcon;
				ASSETCATALOG_COMPILER_GLOBAL_ACCENT_COLOR_NAME = AccentColor;
				CODE_SIGN_ENTITLEMENTS = macOS/macOS.entitlements;
				CODE_SIGN_STYLE = Automatic;
				COMBINE_HIDPI_IMAGES = YES;
				CURRENT_PROJECT_VERSION = 1;
				DEVELOPMENT_TEAM = Y3HVN468NS;
				ENABLE_HARDENED_RUNTIME = YES;
				ENABLE_PREVIEWS = YES;
				GENERATE_INFOPLIST_FILE = YES;
				INFOPLIST_KEY_NSHumanReadableCopyright = "";
				LD_RUNPATH_SEARCH_PATHS = (
					"$(inherited)",
					"@executable_path/../Frameworks",
				);
				MACOSX_DEPLOYMENT_TARGET = 12.1;
				MARKETING_VERSION = 1.0;
				PRODUCT_BUNDLE_IDENTIFIER = "URLSession-async-await.URLSession-async-await";
				PRODUCT_NAME = URLSession_async_await;
				SDKROOT = macosx;
				SWIFT_EMIT_LOC_STRINGS = YES;
				SWIFT_VERSION = 5.0;
			};
			name = Release;
		};
		2CB88DE727B6EC4E00A1A9C9 /* Debug */ = {
			isa = XCBuildConfiguration;
			buildSettings = {
				ALWAYS_EMBED_SWIFT_STANDARD_LIBRARIES = YES;
				CODE_SIGN_STYLE = Automatic;
				CURRENT_PROJECT_VERSION = 1;
				DEVELOPMENT_TEAM = Y3HVN468NS;
				GENERATE_INFOPLIST_FILE = YES;
				IPHONEOS_DEPLOYMENT_TARGET = 15.2;
				MARKETING_VERSION = 1.0;
				PRODUCT_BUNDLE_IDENTIFIER = "URLSession-async-await.Tests-iOS";
				PRODUCT_NAME = "$(TARGET_NAME)";
				SDKROOT = iphoneos;
				SWIFT_EMIT_LOC_STRINGS = NO;
				SWIFT_VERSION = 5.0;
				TARGETED_DEVICE_FAMILY = "1,2";
				TEST_TARGET_NAME = "URLSession_async_await (iOS)";
			};
			name = Debug;
		};
		2CB88DE827B6EC4E00A1A9C9 /* Release */ = {
			isa = XCBuildConfiguration;
			buildSettings = {
				ALWAYS_EMBED_SWIFT_STANDARD_LIBRARIES = YES;
				CODE_SIGN_STYLE = Automatic;
				CURRENT_PROJECT_VERSION = 1;
				DEVELOPMENT_TEAM = Y3HVN468NS;
				GENERATE_INFOPLIST_FILE = YES;
				IPHONEOS_DEPLOYMENT_TARGET = 15.2;
				MARKETING_VERSION = 1.0;
				PRODUCT_BUNDLE_IDENTIFIER = "URLSession-async-await.Tests-iOS";
				PRODUCT_NAME = "$(TARGET_NAME)";
				SDKROOT = iphoneos;
				SWIFT_EMIT_LOC_STRINGS = NO;
				SWIFT_VERSION = 5.0;
				TARGETED_DEVICE_FAMILY = "1,2";
				TEST_TARGET_NAME = "URLSession_async_await (iOS)";
				VALIDATE_PRODUCT = YES;
			};
			name = Release;
		};
		2CB88DEA27B6EC4E00A1A9C9 /* Debug */ = {
			isa = XCBuildConfiguration;
			buildSettings = {
				ALWAYS_EMBED_SWIFT_STANDARD_LIBRARIES = YES;
				CODE_SIGN_STYLE = Automatic;
				CURRENT_PROJECT_VERSION = 1;
				DEVELOPMENT_TEAM = Y3HVN468NS;
				GENERATE_INFOPLIST_FILE = YES;
				MACOSX_DEPLOYMENT_TARGET = 12.1;
				MARKETING_VERSION = 1.0;
				PRODUCT_BUNDLE_IDENTIFIER = "URLSession-async-await.Tests-macOS";
				PRODUCT_NAME = "$(TARGET_NAME)";
				SDKROOT = macosx;
				SWIFT_EMIT_LOC_STRINGS = NO;
				SWIFT_VERSION = 5.0;
				TEST_TARGET_NAME = "URLSession_async_await (macOS)";
			};
			name = Debug;
		};
		2CB88DEB27B6EC4E00A1A9C9 /* Release */ = {
			isa = XCBuildConfiguration;
			buildSettings = {
				ALWAYS_EMBED_SWIFT_STANDARD_LIBRARIES = YES;
				CODE_SIGN_STYLE = Automatic;
				CURRENT_PROJECT_VERSION = 1;
				DEVELOPMENT_TEAM = Y3HVN468NS;
				GENERATE_INFOPLIST_FILE = YES;
				MACOSX_DEPLOYMENT_TARGET = 12.1;
				MARKETING_VERSION = 1.0;
				PRODUCT_BUNDLE_IDENTIFIER = "URLSession-async-await.Tests-macOS";
				PRODUCT_NAME = "$(TARGET_NAME)";
				SDKROOT = macosx;
				SWIFT_EMIT_LOC_STRINGS = NO;
				SWIFT_VERSION = 5.0;
				TEST_TARGET_NAME = "URLSession_async_await (macOS)";
			};
			name = Release;
		};
/* End XCBuildConfiguration section */

/* Begin XCConfigurationList section */
		2CB88DAE27B6EC4D00A1A9C9 /* Build configuration list for PBXProject "URLSession_async_await" */ = {
			isa = XCConfigurationList;
			buildConfigurations = (
				2CB88DDE27B6EC4E00A1A9C9 /* Debug */,
				2CB88DDF27B6EC4E00A1A9C9 /* Release */,
			);
			defaultConfigurationIsVisible = 0;
			defaultConfigurationName = Release;
		};
		2CB88DE027B6EC4E00A1A9C9 /* Build configuration list for PBXNativeTarget "URLSession_async_await (iOS)" */ = {
			isa = XCConfigurationList;
			buildConfigurations = (
				2CB88DE127B6EC4E00A1A9C9 /* Debug */,
				2CB88DE227B6EC4E00A1A9C9 /* Release */,
			);
			defaultConfigurationIsVisible = 0;
			defaultConfigurationName = Release;
		};
		2CB88DE327B6EC4E00A1A9C9 /* Build configuration list for PBXNativeTarget "URLSession_async_await (macOS)" */ = {
			isa = XCConfigurationList;
			buildConfigurations = (
				2CB88DE427B6EC4E00A1A9C9 /* Debug */,
				2CB88DE527B6EC4E00A1A9C9 /* Release */,
			);
			defaultConfigurationIsVisible = 0;
			defaultConfigurationName = Release;
		};
		2CB88DE627B6EC4E00A1A9C9 /* Build configuration list for PBXNativeTarget "Tests iOS" */ = {
			isa = XCConfigurationList;
			buildConfigurations = (
				2CB88DE727B6EC4E00A1A9C9 /* Debug */,
				2CB88DE827B6EC4E00A1A9C9 /* Release */,
			);
			defaultConfigurationIsVisible = 0;
			defaultConfigurationName = Release;
		};
		2CB88DE927B6EC4E00A1A9C9 /* Build configuration list for PBXNativeTarget "Tests macOS" */ = {
			isa = XCConfigurationList;
			buildConfigurations = (
				2CB88DEA27B6EC4E00A1A9C9 /* Debug */,
				2CB88DEB27B6EC4E00A1A9C9 /* Release */,
			);
			defaultConfigurationIsVisible = 0;
			defaultConfigurationName = Release;
		};
/* End XCConfigurationList section */
	};
	rootObject = 2CB88DAB27B6EC4D00A1A9C9 /* Project object */;
}
